// !$*UTF8*$!
{
	archiveVersion = 1;
	classes = {
	};
	objectVersion = 50;
	objects = {

/* Begin PBXBuildFile section */
		995C71E324A6BACD00B445A3 /* CourseDetailController.swift in Sources */ = {isa = PBXBuildFile; fileRef = 995C71E224A6BACD00B445A3 /* CourseDetailController.swift */; };
		995C71E524A6C81800B445A3 /* BuildingsViewController.swift in Sources */ = {isa = PBXBuildFile; fileRef = 995C71E424A6C81800B445A3 /* BuildingsViewController.swift */; };
		99713B0624AE823200C8395C /* FoodDetailViewController.swift in Sources */ = {isa = PBXBuildFile; fileRef = 99713B0524AE823200C8395C /* FoodDetailViewController.swift */; };
		9994076C24A7B4E5009D0B6B /* Buildings.swift in Sources */ = {isa = PBXBuildFile; fileRef = 9994076B24A7B4E5009D0B6B /* Buildings.swift */; };
		9994076E24A7B9DF009D0B6B /* BuildingDetailController.swift in Sources */ = {isa = PBXBuildFile; fileRef = 9994076D24A7B9DF009D0B6B /* BuildingDetailController.swift */; };
		9994077024A7C738009D0B6B /* FoodViewController.swift in Sources */ = {isa = PBXBuildFile; fileRef = 9994076F24A7C738009D0B6B /* FoodViewController.swift */; };
		9994077224A7C743009D0B6B /* Food.swift in Sources */ = {isa = PBXBuildFile; fileRef = 9994077124A7C743009D0B6B /* Food.swift */; };
		99FBA3B224A68A1A005E0570 /* AppDelegate.swift in Sources */ = {isa = PBXBuildFile; fileRef = 99FBA3B124A68A1A005E0570 /* AppDelegate.swift */; };
		99FBA3B424A68A1A005E0570 /* SceneDelegate.swift in Sources */ = {isa = PBXBuildFile; fileRef = 99FBA3B324A68A1A005E0570 /* SceneDelegate.swift */; };
		99FBA3B624A68A1A005E0570 /* CourseViewController.swift in Sources */ = {isa = PBXBuildFile; fileRef = 99FBA3B524A68A1A005E0570 /* CourseViewController.swift */; };
		99FBA3B924A68A1A005E0570 /* Main.storyboard in Resources */ = {isa = PBXBuildFile; fileRef = 99FBA3B724A68A1A005E0570 /* Main.storyboard */; };
		99FBA3BB24A68A1B005E0570 /* Assets.xcassets in Resources */ = {isa = PBXBuildFile; fileRef = 99FBA3BA24A68A1B005E0570 /* Assets.xcassets */; };
		99FBA3BE24A68A1B005E0570 /* LaunchScreen.storyboard in Resources */ = {isa = PBXBuildFile; fileRef = 99FBA3BC24A68A1B005E0570 /* LaunchScreen.storyboard */; };
		99FBA3C624A691B0005E0570 /* Course.swift in Sources */ = {isa = PBXBuildFile; fileRef = 99FBA3C524A691B0005E0570 /* Course.swift */; };
/* End PBXBuildFile section */

/* Begin PBXFileReference section */
		995C71E224A6BACD00B445A3 /* CourseDetailController.swift */ = {isa = PBXFileReference; lastKnownFileType = sourcecode.swift; path = CourseDetailController.swift; sourceTree = "<group>"; };
		995C71E424A6C81800B445A3 /* BuildingsViewController.swift */ = {isa = PBXFileReference; lastKnownFileType = sourcecode.swift; path = BuildingsViewController.swift; sourceTree = "<group>"; };
		99713B0524AE823200C8395C /* FoodDetailViewController.swift */ = {isa = PBXFileReference; lastKnownFileType = sourcecode.swift; path = FoodDetailViewController.swift; sourceTree = "<group>"; };
		9989EA1824B7D8510006EFAF /* UofT App.entitlements */ = {isa = PBXFileReference; lastKnownFileType = text.plist.entitlements; path = "UofT App.entitlements"; sourceTree = "<group>"; };
		9994076B24A7B4E5009D0B6B /* Buildings.swift */ = {isa = PBXFileReference; lastKnownFileType = sourcecode.swift; path = Buildings.swift; sourceTree = "<group>"; };
		9994076D24A7B9DF009D0B6B /* BuildingDetailController.swift */ = {isa = PBXFileReference; lastKnownFileType = sourcecode.swift; path = BuildingDetailController.swift; sourceTree = "<group>"; };
		9994076F24A7C738009D0B6B /* FoodViewController.swift */ = {isa = PBXFileReference; lastKnownFileType = sourcecode.swift; path = FoodViewController.swift; sourceTree = "<group>"; };
		9994077124A7C743009D0B6B /* Food.swift */ = {isa = PBXFileReference; lastKnownFileType = sourcecode.swift; path = Food.swift; sourceTree = "<group>"; };
		99FBA3AE24A68A1A005E0570 /* UofT App.app */ = {isa = PBXFileReference; explicitFileType = wrapper.application; includeInIndex = 0; path = "UofT App.app"; sourceTree = BUILT_PRODUCTS_DIR; };
		99FBA3B124A68A1A005E0570 /* AppDelegate.swift */ = {isa = PBXFileReference; lastKnownFileType = sourcecode.swift; path = AppDelegate.swift; sourceTree = "<group>"; };
		99FBA3B324A68A1A005E0570 /* SceneDelegate.swift */ = {isa = PBXFileReference; lastKnownFileType = sourcecode.swift; path = SceneDelegate.swift; sourceTree = "<group>"; };
		99FBA3B524A68A1A005E0570 /* CourseViewController.swift */ = {isa = PBXFileReference; lastKnownFileType = sourcecode.swift; path = CourseViewController.swift; sourceTree = "<group>"; };
		99FBA3B824A68A1A005E0570 /* Base */ = {isa = PBXFileReference; lastKnownFileType = file.storyboard; name = Base; path = Base.lproj/Main.storyboard; sourceTree = "<group>"; };
		99FBA3BA24A68A1B005E0570 /* Assets.xcassets */ = {isa = PBXFileReference; lastKnownFileType = folder.assetcatalog; path = Assets.xcassets; sourceTree = "<group>"; };
		99FBA3BD24A68A1B005E0570 /* Base */ = {isa = PBXFileReference; lastKnownFileType = file.storyboard; name = Base; path = Base.lproj/LaunchScreen.storyboard; sourceTree = "<group>"; };
		99FBA3BF24A68A1B005E0570 /* Info.plist */ = {isa = PBXFileReference; lastKnownFileType = text.plist.xml; path = Info.plist; sourceTree = "<group>"; };
		99FBA3C524A691B0005E0570 /* Course.swift */ = {isa = PBXFileReference; lastKnownFileType = sourcecode.swift; path = Course.swift; sourceTree = "<group>"; };
/* End PBXFileReference section */

/* Begin PBXFrameworksBuildPhase section */
		99FBA3AB24A68A1A005E0570 /* Frameworks */ = {
			isa = PBXFrameworksBuildPhase;
			buildActionMask = 2147483647;
			files = (
			);
			runOnlyForDeploymentPostprocessing = 0;
		};
/* End PBXFrameworksBuildPhase section */

/* Begin PBXGroup section */
		99FBA3A524A68A1A005E0570 = {
			isa = PBXGroup;
			children = (
				99FBA3B024A68A1A005E0570 /* UofT App */,
				99FBA3AF24A68A1A005E0570 /* Products */,
			);
			sourceTree = "<group>";
		};
		99FBA3AF24A68A1A005E0570 /* Products */ = {
			isa = PBXGroup;
			children = (
				99FBA3AE24A68A1A005E0570 /* UofT App.app */,
			);
			name = Products;
			sourceTree = "<group>";
		};
		99FBA3B024A68A1A005E0570 /* UofT App */ = {
			isa = PBXGroup;
			children = (
				9989EA1824B7D8510006EFAF /* UofT App.entitlements */,
				99FBA3B124A68A1A005E0570 /* AppDelegate.swift */,
				99FBA3B324A68A1A005E0570 /* SceneDelegate.swift */,
				99FBA3C524A691B0005E0570 /* Course.swift */,
				995C71E224A6BACD00B445A3 /* CourseDetailController.swift */,
				99FBA3B524A68A1A005E0570 /* CourseViewController.swift */,
				9994076B24A7B4E5009D0B6B /* Buildings.swift */,
				9994076D24A7B9DF009D0B6B /* BuildingDetailController.swift */,
				995C71E424A6C81800B445A3 /* BuildingsViewController.swift */,
				9994077124A7C743009D0B6B /* Food.swift */,
				99713B0524AE823200C8395C /* FoodDetailViewController.swift */,
				9994076F24A7C738009D0B6B /* FoodViewController.swift */,
				99FBA3B724A68A1A005E0570 /* Main.storyboard */,
				99FBA3BA24A68A1B005E0570 /* Assets.xcassets */,
				99FBA3BC24A68A1B005E0570 /* LaunchScreen.storyboard */,
				99FBA3BF24A68A1B005E0570 /* Info.plist */,
			);
			path = "UofT App";
			sourceTree = "<group>";
		};
/* End PBXGroup section */

/* Begin PBXNativeTarget section */
		99FBA3AD24A68A1A005E0570 /* UofT App */ = {
			isa = PBXNativeTarget;
			buildConfigurationList = 99FBA3C224A68A1B005E0570 /* Build configuration list for PBXNativeTarget "UofT App" */;
			buildPhases = (
				99FBA3AA24A68A1A005E0570 /* Sources */,
				99FBA3AB24A68A1A005E0570 /* Frameworks */,
				99FBA3AC24A68A1A005E0570 /* Resources */,
			);
			buildRules = (
			);
			dependencies = (
			);
			name = "UofT App";
			productName = "UofT App";
			productReference = 99FBA3AE24A68A1A005E0570 /* UofT App.app */;
			productType = "com.apple.product-type.application";
		};
/* End PBXNativeTarget section */

/* Begin PBXProject section */
		99FBA3A624A68A1A005E0570 /* Project object */ = {
			isa = PBXProject;
			attributes = {
				LastSwiftUpdateCheck = 1150;
				LastUpgradeCheck = 1150;
				ORGANIZATIONNAME = "Danny Vo";
				TargetAttributes = {
					99FBA3AD24A68A1A005E0570 = {
						CreatedOnToolsVersion = 11.5;
					};
				};
			};
			buildConfigurationList = 99FBA3A924A68A1A005E0570 /* Build configuration list for PBXProject "UofT App" */;
			compatibilityVersion = "Xcode 9.3";
			developmentRegion = en;
			hasScannedForEncodings = 0;
			knownRegions = (
				en,
				Base,
			);
			mainGroup = 99FBA3A524A68A1A005E0570;
			productRefGroup = 99FBA3AF24A68A1A005E0570 /* Products */;
			projectDirPath = "";
			projectRoot = "";
			targets = (
				99FBA3AD24A68A1A005E0570 /* UofT App */,
			);
		};
/* End PBXProject section */

/* Begin PBXResourcesBuildPhase section */
		99FBA3AC24A68A1A005E0570 /* Resources */ = {
			isa = PBXResourcesBuildPhase;
			buildActionMask = 2147483647;
			files = (
				99FBA3BE24A68A1B005E0570 /* LaunchScreen.storyboard in Resources */,
				99FBA3BB24A68A1B005E0570 /* Assets.xcassets in Resources */,
				99FBA3B924A68A1A005E0570 /* Main.storyboard in Resources */,
			);
			runOnlyForDeploymentPostprocessing = 0;
		};
/* End PBXResourcesBuildPhase section */

/* Begin PBXSourcesBuildPhase section */
		99FBA3AA24A68A1A005E0570 /* Sources */ = {
			isa = PBXSourcesBuildPhase;
			buildActionMask = 2147483647;
			files = (
				995C71E324A6BACD00B445A3 /* CourseDetailController.swift in Sources */,
				99FBA3C624A691B0005E0570 /* Course.swift in Sources */,
				99713B0624AE823200C8395C /* FoodDetailViewController.swift in Sources */,
				9994076C24A7B4E5009D0B6B /* Buildings.swift in Sources */,
				995C71E524A6C81800B445A3 /* BuildingsViewController.swift in Sources */,
				9994077024A7C738009D0B6B /* FoodViewController.swift in Sources */,
				99FBA3B624A68A1A005E0570 /* CourseViewController.swift in Sources */,
				99FBA3B224A68A1A005E0570 /* AppDelegate.swift in Sources */,
				9994077224A7C743009D0B6B /* Food.swift in Sources */,
				9994076E24A7B9DF009D0B6B /* BuildingDetailController.swift in Sources */,
				99FBA3B424A68A1A005E0570 /* SceneDelegate.swift in Sources */,
			);
			runOnlyForDeploymentPostprocessing = 0;
		};
/* End PBXSourcesBuildPhase section */

/* Begin PBXVariantGroup section */
		99FBA3B724A68A1A005E0570 /* Main.storyboard */ = {
			isa = PBXVariantGroup;
			children = (
				99FBA3B824A68A1A005E0570 /* Base */,
			);
			name = Main.storyboard;
			sourceTree = "<group>";
		};
		99FBA3BC24A68A1B005E0570 /* LaunchScreen.storyboard */ = {
			isa = PBXVariantGroup;
			children = (
				99FBA3BD24A68A1B005E0570 /* Base */,
			);
			name = LaunchScreen.storyboard;
			sourceTree = "<group>";
		};
/* End PBXVariantGroup section */

/* Begin XCBuildConfiguration section */
		99FBA3C024A68A1B005E0570 /* Debug */ = {
			isa = XCBuildConfiguration;
			buildSettings = {
				ALWAYS_SEARCH_USER_PATHS = NO;
				CLANG_ANALYZER_NONNULL = YES;
				CLANG_ANALYZER_NUMBER_OBJECT_CONVERSION = YES_AGGRESSIVE;
				CLANG_CXX_LANGUAGE_STANDARD = "gnu++14";
				CLANG_CXX_LIBRARY = "libc++";
				CLANG_ENABLE_MODULES = YES;
				CLANG_ENABLE_OBJC_ARC = YES;
				CLANG_ENABLE_OBJC_WEAK = YES;
				CLANG_WARN_BLOCK_CAPTURE_AUTORELEASING = YES;
				CLANG_WARN_BOOL_CONVERSION = YES;
				CLANG_WARN_COMMA = YES;
				CLANG_WARN_CONSTANT_CONVERSION = YES;
				CLANG_WARN_DEPRECATED_OBJC_IMPLEMENTATIONS = YES;
				CLANG_WARN_DIRECT_OBJC_ISA_USAGE = YES_ERROR;
				CLANG_WARN_DOCUMENTATION_COMMENTS = YES;
				CLANG_WARN_EMPTY_BODY = YES;
				CLANG_WARN_ENUM_CONVERSION = YES;
				CLANG_WARN_INFINITE_RECURSION = YES;
				CLANG_WARN_INT_CONVERSION = YES;
				CLANG_WARN_NON_LITERAL_NULL_CONVERSION = YES;
				CLANG_WARN_OBJC_IMPLICIT_RETAIN_SELF = YES;
				CLANG_WARN_OBJC_LITERAL_CONVERSION = YES;
				CLANG_WARN_OBJC_ROOT_CLASS = YES_ERROR;
				CLANG_WARN_RANGE_LOOP_ANALYSIS = YES;
				CLANG_WARN_STRICT_PROTOTYPES = YES;
				CLANG_WARN_SUSPICIOUS_MOVE = YES;
				CLANG_WARN_UNGUARDED_AVAILABILITY = YES_AGGRESSIVE;
				CLANG_WARN_UNREACHABLE_CODE = YES;
				CLANG_WARN__DUPLICATE_METHOD_MATCH = YES;
				COPY_PHASE_STRIP = NO;
				DEBUG_INFORMATION_FORMAT = dwarf;
				ENABLE_STRICT_OBJC_MSGSEND = YES;
				ENABLE_TESTABILITY = YES;
				GCC_C_LANGUAGE_STANDARD = gnu11;
				GCC_DYNAMIC_NO_PIC = NO;
				GCC_NO_COMMON_BLOCKS = YES;
				GCC_OPTIMIZATION_LEVEL = 0;
				GCC_PREPROCESSOR_DEFINITIONS = (
					"DEBUG=1",
					"$(inherited)",
				);
				GCC_WARN_64_TO_32_BIT_CONVERSION = YES;
				GCC_WARN_ABOUT_RETURN_TYPE = YES_ERROR;
				GCC_WARN_UNDECLARED_SELECTOR = YES;
				GCC_WARN_UNINITIALIZED_AUTOS = YES_AGGRESSIVE;
				GCC_WARN_UNUSED_FUNCTION = YES;
				GCC_WARN_UNUSED_VARIABLE = YES;
				IPHONEOS_DEPLOYMENT_TARGET = 13.5;
				MTL_ENABLE_DEBUG_INFO = INCLUDE_SOURCE;
				MTL_FAST_MATH = YES;
				ONLY_ACTIVE_ARCH = YES;
				SDKROOT = iphoneos;
				SWIFT_ACTIVE_COMPILATION_CONDITIONS = DEBUG;
				SWIFT_OPTIMIZATION_LEVEL = "-Onone";
			};
			name = Debug;
		};
		99FBA3C124A68A1B005E0570 /* Release */ = {
			isa = XCBuildConfiguration;
			buildSettings = {
				ALWAYS_SEARCH_USER_PATHS = NO;
				CLANG_ANALYZER_NONNULL = YES;
				CLANG_ANALYZER_NUMBER_OBJECT_CONVERSION = YES_AGGRESSIVE;
				CLANG_CXX_LANGUAGE_STANDARD = "gnu++14";
				CLANG_CXX_LIBRARY = "libc++";
				CLANG_ENABLE_MODULES = YES;
				CLANG_ENABLE_OBJC_ARC = YES;
				CLANG_ENABLE_OBJC_WEAK = YES;
				CLANG_WARN_BLOCK_CAPTURE_AUTORELEASING = YES;
				CLANG_WARN_BOOL_CONVERSION = YES;
				CLANG_WARN_COMMA = YES;
				CLANG_WARN_CONSTANT_CONVERSION = YES;
				CLANG_WARN_DEPRECATED_OBJC_IMPLEMENTATIONS = YES;
				CLANG_WARN_DIRECT_OBJC_ISA_USAGE = YES_ERROR;
				CLANG_WARN_DOCUMENTATION_COMMENTS = YES;
				CLANG_WARN_EMPTY_BODY = YES;
				CLANG_WARN_ENUM_CONVERSION = YES;
				CLANG_WARN_INFINITE_RECURSION = YES;
				CLANG_WARN_INT_CONVERSION = YES;
				CLANG_WARN_NON_LITERAL_NULL_CONVERSION = YES;
				CLANG_WARN_OBJC_IMPLICIT_RETAIN_SELF = YES;
				CLANG_WARN_OBJC_LITERAL_CONVERSION = YES;
				CLANG_WARN_OBJC_ROOT_CLASS = YES_ERROR;
				CLANG_WARN_RANGE_LOOP_ANALYSIS = YES;
				CLANG_WARN_STRICT_PROTOTYPES = YES;
				CLANG_WARN_SUSPICIOUS_MOVE = YES;
				CLANG_WARN_UNGUARDED_AVAILABILITY = YES_AGGRESSIVE;
				CLANG_WARN_UNREACHABLE_CODE = YES;
				CLANG_WARN__DUPLICATE_METHOD_MATCH = YES;
				COPY_PHASE_STRIP = NO;
				DEBUG_INFORMATION_FORMAT = "dwarf-with-dsym";
				ENABLE_NS_ASSERTIONS = NO;
				ENABLE_STRICT_OBJC_MSGSEND = YES;
				GCC_C_LANGUAGE_STANDARD = gnu11;
				GCC_NO_COMMON_BLOCKS = YES;
				GCC_WARN_64_TO_32_BIT_CONVERSION = YES;
				GCC_WARN_ABOUT_RETURN_TYPE = YES_ERROR;
				GCC_WARN_UNDECLARED_SELECTOR = YES;
				GCC_WARN_UNINITIALIZED_AUTOS = YES_AGGRESSIVE;
				GCC_WARN_UNUSED_FUNCTION = YES;
				GCC_WARN_UNUSED_VARIABLE = YES;
				IPHONEOS_DEPLOYMENT_TARGET = 13.5;
				MTL_ENABLE_DEBUG_INFO = NO;
				MTL_FAST_MATH = YES;
				SDKROOT = iphoneos;
				SWIFT_COMPILATION_MODE = wholemodule;
				SWIFT_OPTIMIZATION_LEVEL = "-O";
				VALIDATE_PRODUCT = YES;
			};
			name = Release;
		};
		99FBA3C324A68A1B005E0570 /* Debug */ = {
			isa = XCBuildConfiguration;
			buildSettings = {
				ASSETCATALOG_COMPILER_APPICON_NAME = AppIcon;
				CODE_SIGN_ENTITLEMENTS = "UofT App/UofT App.entitlements";
				CODE_SIGN_STYLE = Automatic;
				DEVELOPMENT_TEAM = 8V5346TM2U;
				INFOPLIST_FILE = "UofT App/Info.plist";
				IPHONEOS_DEPLOYMENT_TARGET = 13.0;
				LD_RUNPATH_SEARCH_PATHS = (
					"$(inherited)",
					"@executable_path/Frameworks",
				);
				PRODUCT_BUNDLE_IDENTIFIER = "me.vo.danny.UofT-App";
				PRODUCT_NAME = "$(TARGET_NAME)";
				SUPPORTS_MACCATALYST = NO;
				SWIFT_VERSION = 5.0;
				TARGETED_DEVICE_FAMILY = "1,2";
			};
			name = Debug;
		};
		99FBA3C424A68A1B005E0570 /* Release */ = {
			isa = XCBuildConfiguration;
			buildSettings = {
				ASSETCATALOG_COMPILER_APPICON_NAME = AppIcon;
				CODE_SIGN_ENTITLEMENTS = "UofT App/UofT App.entitlements";
				CODE_SIGN_STYLE = Automatic;
				DEVELOPMENT_TEAM = 8V5346TM2U;
				INFOPLIST_FILE = "UofT App/Info.plist";
				IPHONEOS_DEPLOYMENT_TARGET = 13.0;
				LD_RUNPATH_SEARCH_PATHS = (
					"$(inherited)",
					"@executable_path/Frameworks",
				);
				PRODUCT_BUNDLE_IDENTIFIER = "me.vo.danny.UofT-App";
				PRODUCT_NAME = "$(TARGET_NAME)";
				SUPPORTS_MACCATALYST = NO;
				SWIFT_VERSION = 5.0;
				TARGETED_DEVICE_FAMILY = "1,2";
			};
			name = Release;
		};
/* End XCBuildConfiguration section */

/* Begin XCConfigurationList section */
		99FBA3A924A68A1A005E0570 /* Build configuration list for PBXProject "UofT App" */ = {
			isa = XCConfigurationList;
			buildConfigurations = (
				99FBA3C024A68A1B005E0570 /* Debug */,
				99FBA3C124A68A1B005E0570 /* Release */,
			);
			defaultConfigurationIsVisible = 0;
			defaultConfigurationName = Release;
		};
		99FBA3C224A68A1B005E0570 /* Build configuration list for PBXNativeTarget "UofT App" */ = {
			isa = XCConfigurationList;
			buildConfigurations = (
				99FBA3C324A68A1B005E0570 /* Debug */,
				99FBA3C424A68A1B005E0570 /* Release */,
			);
			defaultConfigurationIsVisible = 0;
			defaultConfigurationName = Release;
		};
/* End XCConfigurationList section */
	};
	rootObject = 99FBA3A624A68A1A005E0570 /* Project object */;
}
